
Microsoft Visual Studio Solution File, Format Version 12.00
# Visual Studio 15
VisualStudioVersion = 15.0.28307.168
MinimumVisualStudioVersion = 10.0.40219.1
Project("{FAE04EC0-301F-11D3-BF4B-00C04F79EFBC}") = "XF_GorillaInAction.Android", "XF_GorillaInAction\XF_GorillaInAction.Android\XF_GorillaInAction.Android.csproj", "{5970C936-4A99-4C9A-8334-EA09ABF75CDE}"
EndProject
Project("{FAE04EC0-301F-11D3-BF4B-00C04F79EFBC}") = "XF_GorillaInAction.iOS", "XF_GorillaInAction\XF_GorillaInAction.iOS\XF_GorillaInAction.iOS.csproj", "{3753922C-60CE-4812-9409-0553349022DD}"
EndProject
Project("{9A19103F-16F7-4668-BE54-9A1E7A4F7556}") = "XF_GorillaInAction", "XF_GorillaInAction\XF_GorillaInAction\XF_GorillaInAction.csproj", "{9AD33BED-819C-4CA5-8888-CFF4349999AE}"
EndProject
Global
	GlobalSection(SolutionConfigurationPlatforms) = preSolution
		Ad-Hoc|Any CPU = Ad-Hoc|Any CPU
		Ad-Hoc|ARM = Ad-Hoc|ARM
		Ad-Hoc|iPhone = Ad-Hoc|iPhone
		Ad-Hoc|iPhoneSimulator = Ad-Hoc|iPhoneSimulator
		Ad-Hoc|x64 = Ad-Hoc|x64
		Ad-Hoc|x86 = Ad-Hoc|x86
		AppStore|Any CPU = AppStore|Any CPU
		AppStore|ARM = AppStore|ARM
		AppStore|iPhone = AppStore|iPhone
		AppStore|iPhoneSimulator = AppStore|iPhoneSimulator
		AppStore|x64 = AppStore|x64
		AppStore|x86 = AppStore|x86
		Debug|Any CPU = Debug|Any CPU
		Debug|ARM = Debug|ARM
		Debug|iPhone = Debug|iPhone
		Debug|iPhoneSimulator = Debug|iPhoneSimulator
		Debug|x64 = Debug|x64
		Debug|x86 = Debug|x86
		Gorilla|Any CPU = Gorilla|Any CPU
		Gorilla|ARM = Gorilla|ARM
		Gorilla|iPhone = Gorilla|iPhone
		Gorilla|iPhoneSimulator = Gorilla|iPhoneSimulator
		Gorilla|x64 = Gorilla|x64
		Gorilla|x86 = Gorilla|x86
		Release|Any CPU = Release|Any CPU
		Release|ARM = Release|ARM
		Release|iPhone = Release|iPhone
		Release|iPhoneSimulator = Release|iPhoneSimulator
		Release|x64 = Release|x64
		Release|x86 = Release|x86
	EndGlobalSection
	GlobalSection(ProjectConfigurationPlatforms) = postSolution
		{5970C936-4A99-4C9A-8334-EA09ABF75CDE}.Ad-Hoc|Any CPU.ActiveCfg = Release|Any CPU
		{5970C936-4A99-4C9A-8334-EA09ABF75CDE}.Ad-Hoc|Any CPU.Build.0 = Release|Any CPU
		{5970C936-4A99-4C9A-8334-EA09ABF75CDE}.Ad-Hoc|Any CPU.Deploy.0 = Release|Any CPU
		{5970C936-4A99-4C9A-8334-EA09ABF75CDE}.Ad-Hoc|ARM.ActiveCfg = Release|Any CPU
		{5970C936-4A99-4C9A-8334-EA09ABF75CDE}.Ad-Hoc|ARM.Build.0 = Release|Any CPU
		{5970C936-4A99-4C9A-8334-EA09ABF75CDE}.Ad-Hoc|ARM.Deploy.0 = Release|Any CPU
		{5970C936-4A99-4C9A-8334-EA09ABF75CDE}.Ad-Hoc|iPhone.ActiveCfg = Release|Any CPU
		{5970C936-4A99-4C9A-8334-EA09ABF75CDE}.Ad-Hoc|iPhone.Build.0 = Release|Any CPU
		{5970C936-4A99-4C9A-8334-EA09ABF75CDE}.Ad-Hoc|iPhone.Deploy.0 = Release|Any CPU
		{5970C936-4A99-4C9A-8334-EA09ABF75CDE}.Ad-Hoc|iPhoneSimulator.ActiveCfg = Release|Any CPU
		{5970C936-4A99-4C9A-8334-EA09ABF75CDE}.Ad-Hoc|iPhoneSimulator.Build.0 = Release|Any CPU
		{5970C936-4A99-4C9A-8334-EA09ABF75CDE}.Ad-Hoc|iPhoneSimulator.Deploy.0 = Release|Any CPU
		{5970C936-4A99-4C9A-8334-EA09ABF75CDE}.Ad-Hoc|x64.ActiveCfg = Release|Any CPU
		{5970C936-4A99-4C9A-8334-EA09ABF75CDE}.Ad-Hoc|x64.Build.0 = Release|Any CPU
		{5970C936-4A99-4C9A-8334-EA09ABF75CDE}.Ad-Hoc|x64.Deploy.0 = Release|Any CPU
		{5970C936-4A99-4C9A-8334-EA09ABF75CDE}.Ad-Hoc|x86.ActiveCfg = Release|Any CPU
		{5970C936-4A99-4C9A-8334-EA09ABF75CDE}.Ad-Hoc|x86.Build.0 = Release|Any CPU
		{5970C936-4A99-4C9A-8334-EA09ABF75CDE}.Ad-Hoc|x86.Deploy.0 = Release|Any CPU
		{5970C936-4A99-4C9A-8334-EA09ABF75CDE}.AppStore|Any CPU.ActiveCfg = Release|Any CPU
		{5970C936-4A99-4C9A-8334-EA09ABF75CDE}.AppStore|Any CPU.Build.0 = Release|Any CPU
		{5970C936-4A99-4C9A-8334-EA09ABF75CDE}.AppStore|Any CPU.Deploy.0 = Release|Any CPU
		{5970C936-4A99-4C9A-8334-EA09ABF75CDE}.AppStore|ARM.ActiveCfg = Release|Any CPU
		{5970C936-4A99-4C9A-8334-EA09ABF75CDE}.AppStore|ARM.Build.0 = Release|Any CPU
		{5970C936-4A99-4C9A-8334-EA09ABF75CDE}.AppStore|ARM.Deploy.0 = Release|Any CPU
		{5970C936-4A99-4C9A-8334-EA09ABF75CDE}.AppStore|iPhone.ActiveCfg = Release|Any CPU
		{5970C936-4A99-4C9A-8334-EA09ABF75CDE}.AppStore|iPhone.Build.0 = Release|Any CPU
		{5970C936-4A99-4C9A-8334-EA09ABF75CDE}.AppStore|iPhone.Deploy.0 = Release|Any CPU
		{5970C936-4A99-4C9A-8334-EA09ABF75CDE}.AppStore|iPhoneSimulator.ActiveCfg = Release|Any CPU
		{5970C936-4A99-4C9A-8334-EA09ABF75CDE}.AppStore|iPhoneSimulator.Build.0 = Release|Any CPU
		{5970C936-4A99-4C9A-8334-EA09ABF75CDE}.AppStore|iPhoneSimulator.Deploy.0 = Release|Any CPU
		{5970C936-4A99-4C9A-8334-EA09ABF75CDE}.AppStore|x64.ActiveCfg = Release|Any CPU
		{5970C936-4A99-4C9A-8334-EA09ABF75CDE}.AppStore|x64.Build.0 = Release|Any CPU
		{5970C936-4A99-4C9A-8334-EA09ABF75CDE}.AppStore|x64.Deploy.0 = Release|Any CPU
		{5970C936-4A99-4C9A-8334-EA09ABF75CDE}.AppStore|x86.ActiveCfg = Release|Any CPU
		{5970C936-4A99-4C9A-8334-EA09ABF75CDE}.AppStore|x86.Build.0 = Release|Any CPU
		{5970C936-4A99-4C9A-8334-EA09ABF75CDE}.AppStore|x86.Deploy.0 = Release|Any CPU
		{5970C936-4A99-4C9A-8334-EA09ABF75CDE}.Debug|Any CPU.ActiveCfg = Debug|Any CPU
		{5970C936-4A99-4C9A-8334-EA09ABF75CDE}.Debug|Any CPU.Build.0 = Debug|Any CPU
		{5970C936-4A99-4C9A-8334-EA09ABF75CDE}.Debug|Any CPU.Deploy.0 = Debug|Any CPU
		{5970C936-4A99-4C9A-8334-EA09ABF75CDE}.Debug|ARM.ActiveCfg = Debug|Any CPU
		{5970C936-4A99-4C9A-8334-EA09ABF75CDE}.Debug|ARM.Build.0 = Debug|Any CPU
		{5970C936-4A99-4C9A-8334-EA09ABF75CDE}.Debug|ARM.Deploy.0 = Debug|Any CPU
		{5970C936-4A99-4C9A-8334-EA09ABF75CDE}.Debug|iPhone.ActiveCfg = Debug|Any CPU
		{5970C936-4A99-4C9A-8334-EA09ABF75CDE}.Debug|iPhone.Build.0 = Debug|Any CPU
		{5970C936-4A99-4C9A-8334-EA09ABF75CDE}.Debug|iPhone.Deploy.0 = Debug|Any CPU
		{5970C936-4A99-4C9A-8334-EA09ABF75CDE}.Debug|iPhoneSimulator.ActiveCfg = Debug|Any CPU
		{5970C936-4A99-4C9A-8334-EA09ABF75CDE}.Debug|iPhoneSimulator.Build.0 = Debug|Any CPU
		{5970C936-4A99-4C9A-8334-EA09ABF75CDE}.Debug|iPhoneSimulator.Deploy.0 = Debug|Any CPU
		{5970C936-4A99-4C9A-8334-EA09ABF75CDE}.Debug|x64.ActiveCfg = Debug|Any CPU
		{5970C936-4A99-4C9A-8334-EA09ABF75CDE}.Debug|x64.Build.0 = Debug|Any CPU
		{5970C936-4A99-4C9A-8334-EA09ABF75CDE}.Debug|x64.Deploy.0 = Debug|Any CPU
		{5970C936-4A99-4C9A-8334-EA09ABF75CDE}.Debug|x86.ActiveCfg = Debug|Any CPU
		{5970C936-4A99-4C9A-8334-EA09ABF75CDE}.Debug|x86.Build.0 = Debug|Any CPU
		{5970C936-4A99-4C9A-8334-EA09ABF75CDE}.Debug|x86.Deploy.0 = Debug|Any CPU
		{5970C936-4A99-4C9A-8334-EA09ABF75CDE}.Gorilla|Any CPU.ActiveCfg = Gorilla|Any CPU
		{5970C936-4A99-4C9A-8334-EA09ABF75CDE}.Gorilla|Any CPU.Build.0 = Gorilla|Any CPU
		{5970C936-4A99-4C9A-8334-EA09ABF75CDE}.Gorilla|Any CPU.Deploy.0 = Gorilla|Any CPU
		{5970C936-4A99-4C9A-8334-EA09ABF75CDE}.Gorilla|ARM.ActiveCfg = Gorilla|Any CPU
		{5970C936-4A99-4C9A-8334-EA09ABF75CDE}.Gorilla|ARM.Build.0 = Gorilla|Any CPU
		{5970C936-4A99-4C9A-8334-EA09ABF75CDE}.Gorilla|ARM.Deploy.0 = Gorilla|Any CPU
		{5970C936-4A99-4C9A-8334-EA09ABF75CDE}.Gorilla|iPhone.ActiveCfg = Gorilla|Any CPU
		{5970C936-4A99-4C9A-8334-EA09ABF75CDE}.Gorilla|iPhone.Build.0 = Gorilla|Any CPU
		{5970C936-4A99-4C9A-8334-EA09ABF75CDE}.Gorilla|iPhone.Deploy.0 = Gorilla|Any CPU
		{5970C936-4A99-4C9A-8334-EA09ABF75CDE}.Gorilla|iPhoneSimulator.ActiveCfg = Gorilla|Any CPU
		{5970C936-4A99-4C9A-8334-EA09ABF75CDE}.Gorilla|iPhoneSimulator.Build.0 = Gorilla|Any CPU
		{5970C936-4A99-4C9A-8334-EA09ABF75CDE}.Gorilla|iPhoneSimulator.Deploy.0 = Gorilla|Any CPU
		{5970C936-4A99-4C9A-8334-EA09ABF75CDE}.Gorilla|x64.ActiveCfg = Gorilla|Any CPU
		{5970C936-4A99-4C9A-8334-EA09ABF75CDE}.Gorilla|x64.Build.0 = Gorilla|Any CPU
		{5970C936-4A99-4C9A-8334-EA09ABF75CDE}.Gorilla|x64.Deploy.0 = Gorilla|Any CPU
		{5970C936-4A99-4C9A-8334-EA09ABF75CDE}.Gorilla|x86.ActiveCfg = Gorilla|Any CPU
		{5970C936-4A99-4C9A-8334-EA09ABF75CDE}.Gorilla|x86.Build.0 = Gorilla|Any CPU
		{5970C936-4A99-4C9A-8334-EA09ABF75CDE}.Gorilla|x86.Deploy.0 = Gorilla|Any CPU
		{5970C936-4A99-4C9A-8334-EA09ABF75CDE}.Release|Any CPU.ActiveCfg = Release|Any CPU
		{5970C936-4A99-4C9A-8334-EA09ABF75CDE}.Release|Any CPU.Build.0 = Release|Any CPU
		{5970C936-4A99-4C9A-8334-EA09ABF75CDE}.Release|Any CPU.Deploy.0 = Release|Any CPU
		{5970C936-4A99-4C9A-8334-EA09ABF75CDE}.Release|ARM.ActiveCfg = Release|Any CPU
		{5970C936-4A99-4C9A-8334-EA09ABF75CDE}.Release|ARM.Build.0 = Release|Any CPU
		{5970C936-4A99-4C9A-8334-EA09ABF75CDE}.Release|ARM.Deploy.0 = Release|Any CPU
		{5970C936-4A99-4C9A-8334-EA09ABF75CDE}.Release|iPhone.ActiveCfg = Release|Any CPU
		{5970C936-4A99-4C9A-8334-EA09ABF75CDE}.Release|iPhone.Build.0 = Release|Any CPU
		{5970C936-4A99-4C9A-8334-EA09ABF75CDE}.Release|iPhone.Deploy.0 = Release|Any CPU
		{5970C936-4A99-4C9A-8334-EA09ABF75CDE}.Release|iPhoneSimulator.ActiveCfg = Release|Any CPU
		{5970C936-4A99-4C9A-8334-EA09ABF75CDE}.Release|iPhoneSimulator.Build.0 = Release|Any CPU
		{5970C936-4A99-4C9A-8334-EA09ABF75CDE}.Release|iPhoneSimulator.Deploy.0 = Release|Any CPU
		{5970C936-4A99-4C9A-8334-EA09ABF75CDE}.Release|x64.ActiveCfg = Release|Any CPU
		{5970C936-4A99-4C9A-8334-EA09ABF75CDE}.Release|x64.Build.0 = Release|Any CPU
		{5970C936-4A99-4C9A-8334-EA09ABF75CDE}.Release|x64.Deploy.0 = Release|Any CPU
		{5970C936-4A99-4C9A-8334-EA09ABF75CDE}.Release|x86.ActiveCfg = Release|Any CPU
		{5970C936-4A99-4C9A-8334-EA09ABF75CDE}.Release|x86.Build.0 = Release|Any CPU
		{5970C936-4A99-4C9A-8334-EA09ABF75CDE}.Release|x86.Deploy.0 = Release|Any CPU
		{3753922C-60CE-4812-9409-0553349022DD}.Ad-Hoc|Any CPU.ActiveCfg = Ad-Hoc|iPhone
		{3753922C-60CE-4812-9409-0553349022DD}.Ad-Hoc|Any CPU.Build.0 = Ad-Hoc|iPhone
		{3753922C-60CE-4812-9409-0553349022DD}.Ad-Hoc|Any CPU.Deploy.0 = Ad-Hoc|iPhone
		{3753922C-60CE-4812-9409-0553349022DD}.Ad-Hoc|ARM.ActiveCfg = Ad-Hoc|iPhone
		{3753922C-60CE-4812-9409-0553349022DD}.Ad-Hoc|ARM.Build.0 = Ad-Hoc|iPhone
		{3753922C-60CE-4812-9409-0553349022DD}.Ad-Hoc|ARM.Deploy.0 = Ad-Hoc|iPhone
		{3753922C-60CE-4812-9409-0553349022DD}.Ad-Hoc|iPhone.ActiveCfg = Ad-Hoc|iPhone
		{3753922C-60CE-4812-9409-0553349022DD}.Ad-Hoc|iPhone.Build.0 = Ad-Hoc|iPhone
		{3753922C-60CE-4812-9409-0553349022DD}.Ad-Hoc|iPhone.Deploy.0 = Ad-Hoc|iPhone
		{3753922C-60CE-4812-9409-0553349022DD}.Ad-Hoc|iPhoneSimulator.ActiveCfg = Ad-Hoc|iPhoneSimulator
		{3753922C-60CE-4812-9409-0553349022DD}.Ad-Hoc|iPhoneSimulator.Build.0 = Ad-Hoc|iPhoneSimulator
		{3753922C-60CE-4812-9409-0553349022DD}.Ad-Hoc|iPhoneSimulator.Deploy.0 = Ad-Hoc|iPhoneSimulator
		{3753922C-60CE-4812-9409-0553349022DD}.Ad-Hoc|x64.ActiveCfg = Ad-Hoc|iPhone
		{3753922C-60CE-4812-9409-0553349022DD}.Ad-Hoc|x64.Build.0 = Ad-Hoc|iPhone
		{3753922C-60CE-4812-9409-0553349022DD}.Ad-Hoc|x64.Deploy.0 = Ad-Hoc|iPhone
		{3753922C-60CE-4812-9409-0553349022DD}.Ad-Hoc|x86.ActiveCfg = Ad-Hoc|iPhone
		{3753922C-60CE-4812-9409-0553349022DD}.Ad-Hoc|x86.Build.0 = Ad-Hoc|iPhone
		{3753922C-60CE-4812-9409-0553349022DD}.Ad-Hoc|x86.Deploy.0 = Ad-Hoc|iPhone
		{3753922C-60CE-4812-9409-0553349022DD}.AppStore|Any CPU.ActiveCfg = AppStore|iPhone
		{3753922C-60CE-4812-9409-0553349022DD}.AppStore|Any CPU.Build.0 = AppStore|iPhone
		{3753922C-60CE-4812-9409-0553349022DD}.AppStore|Any CPU.Deploy.0 = AppStore|iPhone
		{3753922C-60CE-4812-9409-0553349022DD}.AppStore|ARM.ActiveCfg = AppStore|iPhone
		{3753922C-60CE-4812-9409-0553349022DD}.AppStore|ARM.Build.0 = AppStore|iPhone
		{3753922C-60CE-4812-9409-0553349022DD}.AppStore|ARM.Deploy.0 = AppStore|iPhone
		{3753922C-60CE-4812-9409-0553349022DD}.AppStore|iPhone.ActiveCfg = AppStore|iPhone
		{3753922C-60CE-4812-9409-0553349022DD}.AppStore|iPhone.Build.0 = AppStore|iPhone
		{3753922C-60CE-4812-9409-0553349022DD}.AppStore|iPhone.Deploy.0 = AppStore|iPhone
		{3753922C-60CE-4812-9409-0553349022DD}.AppStore|iPhoneSimulator.ActiveCfg = AppStore|iPhoneSimulator
		{3753922C-60CE-4812-9409-0553349022DD}.AppStore|iPhoneSimulator.Build.0 = AppStore|iPhoneSimulator
		{3753922C-60CE-4812-9409-0553349022DD}.AppStore|iPhoneSimulator.Deploy.0 = AppStore|iPhoneSimulator
		{3753922C-60CE-4812-9409-0553349022DD}.AppStore|x64.ActiveCfg = AppStore|iPhone
		{3753922C-60CE-4812-9409-0553349022DD}.AppStore|x64.Build.0 = AppStore|iPhone
		{3753922C-60CE-4812-9409-0553349022DD}.AppStore|x64.Deploy.0 = AppStore|iPhone
		{3753922C-60CE-4812-9409-0553349022DD}.AppStore|x86.ActiveCfg = AppStore|iPhone
		{3753922C-60CE-4812-9409-0553349022DD}.AppStore|x86.Build.0 = AppStore|iPhone
		{3753922C-60CE-4812-9409-0553349022DD}.AppStore|x86.Deploy.0 = AppStore|iPhone
		{3753922C-60CE-4812-9409-0553349022DD}.Debug|Any CPU.ActiveCfg = Debug|iPhoneSimulator
		{3753922C-60CE-4812-9409-0553349022DD}.Debug|Any CPU.Build.0 = Debug|iPhoneSimulator
		{3753922C-60CE-4812-9409-0553349022DD}.Debug|Any CPU.Deploy.0 = Debug|iPhoneSimulator
		{3753922C-60CE-4812-9409-0553349022DD}.Debug|ARM.ActiveCfg = Debug|iPhone
		{3753922C-60CE-4812-9409-0553349022DD}.Debug|ARM.Build.0 = Debug|iPhone
		{3753922C-60CE-4812-9409-0553349022DD}.Debug|ARM.Deploy.0 = Debug|iPhone
		{3753922C-60CE-4812-9409-0553349022DD}.Debug|iPhone.ActiveCfg = Debug|iPhone
		{3753922C-60CE-4812-9409-0553349022DD}.Debug|iPhone.Build.0 = Debug|iPhone
		{3753922C-60CE-4812-9409-0553349022DD}.Debug|iPhone.Deploy.0 = Debug|iPhone
		{3753922C-60CE-4812-9409-0553349022DD}.Debug|iPhoneSimulator.ActiveCfg = Debug|iPhoneSimulator
		{3753922C-60CE-4812-9409-0553349022DD}.Debug|iPhoneSimulator.Build.0 = Debug|iPhoneSimulator
		{3753922C-60CE-4812-9409-0553349022DD}.Debug|iPhoneSimulator.Deploy.0 = Debug|iPhoneSimulator
		{3753922C-60CE-4812-9409-0553349022DD}.Debug|x64.ActiveCfg = Debug|iPhone
		{3753922C-60CE-4812-9409-0553349022DD}.Debug|x64.Build.0 = Debug|iPhone
		{3753922C-60CE-4812-9409-0553349022DD}.Debug|x64.Deploy.0 = Debug|iPhone
		{3753922C-60CE-4812-9409-0553349022DD}.Debug|x86.ActiveCfg = Debug|iPhone
		{3753922C-60CE-4812-9409-0553349022DD}.Debug|x86.Build.0 = Debug|iPhone
		{3753922C-60CE-4812-9409-0553349022DD}.Debug|x86.Deploy.0 = Debug|iPhone
		{3753922C-60CE-4812-9409-0553349022DD}.Gorilla|Any CPU.ActiveCfg = Gorilla|iPhone
		{3753922C-60CE-4812-9409-0553349022DD}.Gorilla|ARM.ActiveCfg = Gorilla|iPhone
		{3753922C-60CE-4812-9409-0553349022DD}.Gorilla|iPhone.ActiveCfg = Gorilla|iPhone
		{3753922C-60CE-4812-9409-0553349022DD}.Gorilla|iPhone.Build.0 = Gorilla|iPhone
		{3753922C-60CE-4812-9409-0553349022DD}.Gorilla|iPhoneSimulator.ActiveCfg = Gorilla|iPhoneSimulator
		{3753922C-60CE-4812-9409-0553349022DD}.Gorilla|iPhoneSimulator.Build.0 = Gorilla|iPhoneSimulator
		{3753922C-60CE-4812-9409-0553349022DD}.Gorilla|x64.ActiveCfg = Gorilla|iPhone
		{3753922C-60CE-4812-9409-0553349022DD}.Gorilla|x86.ActiveCfg = Gorilla|iPhone
		{3753922C-60CE-4812-9409-0553349022DD}.Release|Any CPU.ActiveCfg = Release|iPhone
		{3753922C-60CE-4812-9409-0553349022DD}.Release|Any CPU.Build.0 = Release|iPhone
		{3753922C-60CE-4812-9409-0553349022DD}.Release|Any CPU.Deploy.0 = Release|iPhone
		{3753922C-60CE-4812-9409-0553349022DD}.Release|ARM.ActiveCfg = Release|iPhone
		{3753922C-60CE-4812-9409-0553349022DD}.Release|ARM.Build.0 = Release|iPhone
		{3753922C-60CE-4812-9409-0553349022DD}.Release|ARM.Deploy.0 = Release|iPhone
		{3753922C-60CE-4812-9409-0553349022DD}.Release|iPhone.ActiveCfg = Release|iPhone
		{3753922C-60CE-4812-9409-0553349022DD}.Release|iPhone.Build.0 = Release|iPhone
		{3753922C-60CE-4812-9409-0553349022DD}.Release|iPhone.Deploy.0 = Release|iPhone
		{3753922C-60CE-4812-9409-0553349022DD}.Release|iPhoneSimulator.ActiveCfg = Release|iPhoneSimulator
		{3753922C-60CE-4812-9409-0553349022DD}.Release|iPhoneSimulator.Build.0 = Release|iPhoneSimulator
		{3753922C-60CE-4812-9409-0553349022DD}.Release|iPhoneSimulator.Deploy.0 = Release|iPhoneSimulator
		{3753922C-60CE-4812-9409-0553349022DD}.Release|x64.ActiveCfg = Release|iPhone
		{3753922C-60CE-4812-9409-0553349022DD}.Release|x64.Build.0 = Release|iPhone
		{3753922C-60CE-4812-9409-0553349022DD}.Release|x64.Deploy.0 = Release|iPhone
		{3753922C-60CE-4812-9409-0553349022DD}.Release|x86.ActiveCfg = Release|iPhone
		{3753922C-60CE-4812-9409-0553349022DD}.Release|x86.Build.0 = Release|iPhone
		{3753922C-60CE-4812-9409-0553349022DD}.Release|x86.Deploy.0 = Release|iPhone
		{9AD33BED-819C-4CA5-8888-CFF4349999AE}.Ad-Hoc|Any CPU.ActiveCfg = Debug|Any CPU
		{9AD33BED-819C-4CA5-8888-CFF4349999AE}.Ad-Hoc|Any CPU.Build.0 = Debug|Any CPU
		{9AD33BED-819C-4CA5-8888-CFF4349999AE}.Ad-Hoc|Any CPU.Deploy.0 = Debug|Any CPU
		{9AD33BED-819C-4CA5-8888-CFF4349999AE}.Ad-Hoc|ARM.ActiveCfg = Debug|Any CPU
		{9AD33BED-819C-4CA5-8888-CFF4349999AE}.Ad-Hoc|ARM.Build.0 = Debug|Any CPU
		{9AD33BED-819C-4CA5-8888-CFF4349999AE}.Ad-Hoc|ARM.Deploy.0 = Debug|Any CPU
		{9AD33BED-819C-4CA5-8888-CFF4349999AE}.Ad-Hoc|iPhone.ActiveCfg = Debug|Any CPU
		{9AD33BED-819C-4CA5-8888-CFF4349999AE}.Ad-Hoc|iPhone.Build.0 = Debug|Any CPU
		{9AD33BED-819C-4CA5-8888-CFF4349999AE}.Ad-Hoc|iPhone.Deploy.0 = Debug|Any CPU
		{9AD33BED-819C-4CA5-8888-CFF4349999AE}.Ad-Hoc|iPhoneSimulator.ActiveCfg = Debug|Any CPU
		{9AD33BED-819C-4CA5-8888-CFF4349999AE}.Ad-Hoc|iPhoneSimulator.Build.0 = Debug|Any CPU
		{9AD33BED-819C-4CA5-8888-CFF4349999AE}.Ad-Hoc|iPhoneSimulator.Deploy.0 = Debug|Any CPU
		{9AD33BED-819C-4CA5-8888-CFF4349999AE}.Ad-Hoc|x64.ActiveCfg = Debug|Any CPU
		{9AD33BED-819C-4CA5-8888-CFF4349999AE}.Ad-Hoc|x64.Build.0 = Debug|Any CPU
		{9AD33BED-819C-4CA5-8888-CFF4349999AE}.Ad-Hoc|x64.Deploy.0 = Debug|Any CPU
		{9AD33BED-819C-4CA5-8888-CFF4349999AE}.Ad-Hoc|x86.ActiveCfg = Debug|Any CPU
		{9AD33BED-819C-4CA5-8888-CFF4349999AE}.Ad-Hoc|x86.Build.0 = Debug|Any CPU
		{9AD33BED-819C-4CA5-8888-CFF4349999AE}.Ad-Hoc|x86.Deploy.0 = Debug|Any CPU
		{9AD33BED-819C-4CA5-8888-CFF4349999AE}.AppStore|Any CPU.ActiveCfg = Debug|Any CPU
		{9AD33BED-819C-4CA5-8888-CFF4349999AE}.AppStore|Any CPU.Build.0 = Debug|Any CPU
		{9AD33BED-819C-4CA5-8888-CFF4349999AE}.AppStore|Any CPU.Deploy.0 = Debug|Any CPU
		{9AD33BED-819C-4CA5-8888-CFF4349999AE}.AppStore|ARM.ActiveCfg = Debug|Any CPU
		{9AD33BED-819C-4CA5-8888-CFF4349999AE}.AppStore|ARM.Build.0 = Debug|Any CPU
		{9AD33BED-819C-4CA5-8888-CFF4349999AE}.AppStore|ARM.Deploy.0 = Debug|Any CPU
		{9AD33BED-819C-4CA5-8888-CFF4349999AE}.AppStore|iPhone.ActiveCfg = Debug|Any CPU
		{9AD33BED-819C-4CA5-8888-CFF4349999AE}.AppStore|iPhone.Build.0 = Debug|Any CPU
		{9AD33BED-819C-4CA5-8888-CFF4349999AE}.AppStore|iPhone.Deploy.0 = Debug|Any CPU
		{9AD33BED-819C-4CA5-8888-CFF4349999AE}.AppStore|iPhoneSimulator.ActiveCfg = Debug|Any CPU
		{9AD33BED-819C-4CA5-8888-CFF4349999AE}.AppStore|iPhoneSimulator.Build.0 = Debug|Any CPU
		{9AD33BED-819C-4CA5-8888-CFF4349999AE}.AppStore|iPhoneSimulator.Deploy.0 = Debug|Any CPU
		{9AD33BED-819C-4CA5-8888-CFF4349999AE}.AppStore|x64.ActiveCfg = Debug|Any CPU
		{9AD33BED-819C-4CA5-8888-CFF4349999AE}.AppStore|x64.Build.0 = Debug|Any CPU
		{9AD33BED-819C-4CA5-8888-CFF4349999AE}.AppStore|x64.Deploy.0 = Debug|Any CPU
		{9AD33BED-819C-4CA5-8888-CFF4349999AE}.AppStore|x86.ActiveCfg = Debug|Any CPU
		{9AD33BED-819C-4CA5-8888-CFF4349999AE}.AppStore|x86.Build.0 = Debug|Any CPU
		{9AD33BED-819C-4CA5-8888-CFF4349999AE}.AppStore|x86.Deploy.0 = Debug|Any CPU
		{9AD33BED-819C-4CA5-8888-CFF4349999AE}.Debug|Any CPU.ActiveCfg = Debug|Any CPU
		{9AD33BED-819C-4CA5-8888-CFF4349999AE}.Debug|Any CPU.Build.0 = Debug|Any CPU
		{9AD33BED-819C-4CA5-8888-CFF4349999AE}.Debug|Any CPU.Deploy.0 = Debug|Any CPU
		{9AD33BED-819C-4CA5-8888-CFF4349999AE}.Debug|ARM.ActiveCfg = Debug|Any CPU
		{9AD33BED-819C-4CA5-8888-CFF4349999AE}.Debug|ARM.Build.0 = Debug|Any CPU
		{9AD33BED-819C-4CA5-8888-CFF4349999AE}.Debug|ARM.Deploy.0 = Debug|Any CPU
		{9AD33BED-819C-4CA5-8888-CFF4349999AE}.Debug|iPhone.ActiveCfg = Debug|Any CPU
		{9AD33BED-819C-4CA5-8888-CFF4349999AE}.Debug|iPhone.Build.0 = Debug|Any CPU
		{9AD33BED-819C-4CA5-8888-CFF4349999AE}.Debug|iPhone.Deploy.0 = Debug|Any CPU
		{9AD33BED-819C-4CA5-8888-CFF4349999AE}.Debug|iPhoneSimulator.ActiveCfg = Debug|Any CPU
		{9AD33BED-819C-4CA5-8888-CFF4349999AE}.Debug|iPhoneSimulator.Build.0 = Debug|Any CPU
		{9AD33BED-819C-4CA5-8888-CFF4349999AE}.Debug|iPhoneSimulator.Deploy.0 = Debug|Any CPU
		{9AD33BED-819C-4CA5-8888-CFF4349999AE}.Debug|x64.ActiveCfg = Debug|Any CPU
		{9AD33BED-819C-4CA5-8888-CFF4349999AE}.Debug|x64.Build.0 = Debug|Any CPU
		{9AD33BED-819C-4CA5-8888-CFF4349999AE}.Debug|x64.Deploy.0 = Debug|Any CPU
		{9AD33BED-819C-4CA5-8888-CFF4349999AE}.Debug|x86.ActiveCfg = Debug|Any CPU
		{9AD33BED-819C-4CA5-8888-CFF4349999AE}.Debug|x86.Build.0 = Debug|Any CPU
		{9AD33BED-819C-4CA5-8888-CFF4349999AE}.Debug|x86.Deploy.0 = Debug|Any CPU
		{9AD33BED-819C-4CA5-8888-CFF4349999AE}.Gorilla|Any CPU.ActiveCfg = Gorilla|Any CPU
		{9AD33BED-819C-4CA5-8888-CFF4349999AE}.Gorilla|Any CPU.Build.0 = Gorilla|Any CPU
		{9AD33BED-819C-4CA5-8888-CFF4349999AE}.Gorilla|ARM.ActiveCfg = Gorilla|Any CPU
		{9AD33BED-819C-4CA5-8888-CFF4349999AE}.Gorilla|ARM.Build.0 = Gorilla|Any CPU
		{9AD33BED-819C-4CA5-8888-CFF4349999AE}.Gorilla|iPhone.ActiveCfg = Gorilla|Any CPU
		{9AD33BED-819C-4CA5-8888-CFF4349999AE}.Gorilla|iPhone.Build.0 = Gorilla|Any CPU
		{9AD33BED-819C-4CA5-8888-CFF4349999AE}.Gorilla|iPhoneSimulator.ActiveCfg = Gorilla|Any CPU
		{9AD33BED-819C-4CA5-8888-CFF4349999AE}.Gorilla|iPhoneSimulator.Build.0 = Gorilla|Any CPU
		{9AD33BED-819C-4CA5-8888-CFF4349999AE}.Gorilla|x64.ActiveCfg = Gorilla|Any CPU
		{9AD33BED-819C-4CA5-8888-CFF4349999AE}.Gorilla|x64.Build.0 = Gorilla|Any CPU
		{9AD33BED-819C-4CA5-8888-CFF4349999AE}.Gorilla|x86.ActiveCfg = Gorilla|Any CPU
		{9AD33BED-819C-4CA5-8888-CFF4349999AE}.Gorilla|x86.Build.0 = Gorilla|Any CPU
		{9AD33BED-819C-4CA5-8888-CFF4349999AE}.Release|Any CPU.ActiveCfg = Release|Any CPU
		{9AD33BED-819C-4CA5-8888-CFF4349999AE}.Release|Any CPU.Build.0 = Release|Any CPU
		{9AD33BED-819C-4CA5-8888-CFF4349999AE}.Release|Any CPU.Deploy.0 = Release|Any CPU
		{9AD33BED-819C-4CA5-8888-CFF4349999AE}.Release|ARM.ActiveCfg = Release|Any CPU
		{9AD33BED-819C-4CA5-8888-CFF4349999AE}.Release|ARM.Build.0 = Release|Any CPU
		{9AD33BED-819C-4CA5-8888-CFF4349999AE}.Release|ARM.Deploy.0 = Release|Any CPU
		{9AD33BED-819C-4CA5-8888-CFF4349999AE}.Release|iPhone.ActiveCfg = Release|Any CPU
		{9AD33BED-819C-4CA5-8888-CFF4349999AE}.Release|iPhone.Build.0 = Release|Any CPU
		{9AD33BED-819C-4CA5-8888-CFF4349999AE}.Release|iPhone.Deploy.0 = Release|Any CPU
		{9AD33BED-819C-4CA5-8888-CFF4349999AE}.Release|iPhoneSimulator.ActiveCfg = Release|Any CPU
		{9AD33BED-819C-4CA5-8888-CFF4349999AE}.Release|iPhoneSimulator.Build.0 = Release|Any CPU
		{9AD33BED-819C-4CA5-8888-CFF4349999AE}.Release|iPhoneSimulator.Deploy.0 = Release|Any CPU
		{9AD33BED-819C-4CA5-8888-CFF4349999AE}.Release|x64.ActiveCfg = Release|Any CPU
		{9AD33BED-819C-4CA5-8888-CFF4349999AE}.Release|x64.Build.0 = Release|Any CPU
		{9AD33BED-819C-4CA5-8888-CFF4349999AE}.Release|x64.Deploy.0 = Release|Any CPU
		{9AD33BED-819C-4CA5-8888-CFF4349999AE}.Release|x86.ActiveCfg = Release|Any CPU
		{9AD33BED-819C-4CA5-8888-CFF4349999AE}.Release|x86.Build.0 = Release|Any CPU
		{9AD33BED-819C-4CA5-8888-CFF4349999AE}.Release|x86.Deploy.0 = Release|Any CPU
	EndGlobalSection
	GlobalSection(SolutionProperties) = preSolution
		HideSolutionNode = FALSE
	EndGlobalSection
	GlobalSection(ExtensibilityGlobals) = postSolution
		SolutionGuid = {4BC9331A-3A75-4982-B800-3C489A86B7A1}
	EndGlobalSection
EndGlobal
